// !$*UTF8*$!
{
	archiveVersion = 1;
	classes = {
	};
	objectVersion = 56;
	objects = {

/* Begin PBXBuildFile section */
		92A9DC2B295E4BBD00929C84 /* TasktopiaApp.swift in Sources */ = {isa = PBXBuildFile; fileRef = 92A9DC2A295E4BBD00929C84 /* TasktopiaApp.swift */; };
		92A9DC2D295E4BBD00929C84 /* ContentView.swift in Sources */ = {isa = PBXBuildFile; fileRef = 92A9DC2C295E4BBD00929C84 /* ContentView.swift */; };
		92A9DC2F295E4BBE00929C84 /* Assets.xcassets in Resources */ = {isa = PBXBuildFile; fileRef = 92A9DC2E295E4BBE00929C84 /* Assets.xcassets */; };
		92A9DC32295E4BBE00929C84 /* Preview Assets.xcassets in Resources */ = {isa = PBXBuildFile; fileRef = 92A9DC31295E4BBE00929C84 /* Preview Assets.xcassets */; };
		92A9DC3C295E4BBF00929C84 /* TasktopiaTests.swift in Sources */ = {isa = PBXBuildFile; fileRef = 92A9DC3B295E4BBF00929C84 /* TasktopiaTests.swift */; };
		92A9DC46295E4BBF00929C84 /* TasktopiaUITests.swift in Sources */ = {isa = PBXBuildFile; fileRef = 92A9DC45295E4BBF00929C84 /* TasktopiaUITests.swift */; };
		92A9DC48295E4BBF00929C84 /* TasktopiaUITestsLaunchTests.swift in Sources */ = {isa = PBXBuildFile; fileRef = 92A9DC47295E4BBF00929C84 /* TasktopiaUITestsLaunchTests.swift */; };
/* End PBXBuildFile section */

/* Begin PBXContainerItemProxy section */
		92A9DC38295E4BBF00929C84 /* PBXContainerItemProxy */ = {
			isa = PBXContainerItemProxy;
			containerPortal = 92A9DC1F295E4BBD00929C84 /* Project object */;
			proxyType = 1;
			remoteGlobalIDString = 92A9DC26295E4BBD00929C84;
			remoteInfo = Tasktopia;
		};
		92A9DC42295E4BBF00929C84 /* PBXContainerItemProxy */ = {
			isa = PBXContainerItemProxy;
			containerPortal = 92A9DC1F295E4BBD00929C84 /* Project object */;
			proxyType = 1;
			remoteGlobalIDString = 92A9DC26295E4BBD00929C84;
			remoteInfo = Tasktopia;
		};
/* End PBXContainerItemProxy section */

/* Begin PBXFileReference section */
		92A9DC27295E4BBD00929C84 /* Tasktopia.app */ = {isa = PBXFileReference; explicitFileType = wrapper.application; includeInIndex = 0; path = Tasktopia.app; sourceTree = BUILT_PRODUCTS_DIR; };
		92A9DC2A295E4BBD00929C84 /* TasktopiaApp.swift */ = {isa = PBXFileReference; lastKnownFileType = sourcecode.swift; path = TasktopiaApp.swift; sourceTree = "<group>"; };
		92A9DC2C295E4BBD00929C84 /* ContentView.swift */ = {isa = PBXFileReference; lastKnownFileType = sourcecode.swift; path = ContentView.swift; sourceTree = "<group>"; };
		92A9DC2E295E4BBE00929C84 /* Assets.xcassets */ = {isa = PBXFileReference; lastKnownFileType = folder.assetcatalog; path = Assets.xcassets; sourceTree = "<group>"; };
		92A9DC31295E4BBE00929C84 /* Preview Assets.xcassets */ = {isa = PBXFileReference; lastKnownFileType = folder.assetcatalog; path = "Preview Assets.xcassets"; sourceTree = "<group>"; };
		92A9DC37295E4BBF00929C84 /* TasktopiaTests.xctest */ = {isa = PBXFileReference; explicitFileType = wrapper.cfbundle; includeInIndex = 0; path = TasktopiaTests.xctest; sourceTree = BUILT_PRODUCTS_DIR; };
		92A9DC3B295E4BBF00929C84 /* TasktopiaTests.swift */ = {isa = PBXFileReference; lastKnownFileType = sourcecode.swift; path = TasktopiaTests.swift; sourceTree = "<group>"; };
		92A9DC41295E4BBF00929C84 /* TasktopiaUITests.xctest */ = {isa = PBXFileReference; explicitFileType = wrapper.cfbundle; includeInIndex = 0; path = TasktopiaUITests.xctest; sourceTree = BUILT_PRODUCTS_DIR; };
		92A9DC45295E4BBF00929C84 /* TasktopiaUITests.swift */ = {isa = PBXFileReference; lastKnownFileType = sourcecode.swift; path = TasktopiaUITests.swift; sourceTree = "<group>"; };
		92A9DC47295E4BBF00929C84 /* TasktopiaUITestsLaunchTests.swift */ = {isa = PBXFileReference; lastKnownFileType = sourcecode.swift; path = TasktopiaUITestsLaunchTests.swift; sourceTree = "<group>"; };
/* End PBXFileReference section */

/* Begin PBXFrameworksBuildPhase section */
		92A9DC24295E4BBD00929C84 /* Frameworks */ = {
			isa = PBXFrameworksBuildPhase;
			buildActionMask = 2147483647;
			files = (
			);
			runOnlyForDeploymentPostprocessing = 0;
		};
		92A9DC34295E4BBF00929C84 /* Frameworks */ = {
			isa = PBXFrameworksBuildPhase;
			buildActionMask = 2147483647;
			files = (
			);
			runOnlyForDeploymentPostprocessing = 0;
		};
		92A9DC3E295E4BBF00929C84 /* Frameworks */ = {
			isa = PBXFrameworksBuildPhase;
			buildActionMask = 2147483647;
			files = (
			);
			runOnlyForDeploymentPostprocessing = 0;
		};
/* End PBXFrameworksBuildPhase section */

/* Begin PBXGroup section */
		92A9DC1E295E4BBD00929C84 = {
			isa = PBXGroup;
			children = (
				92A9DC29295E4BBD00929C84 /* Tasktopia */,
				92A9DC3A295E4BBF00929C84 /* TasktopiaTests */,
				92A9DC44295E4BBF00929C84 /* TasktopiaUITests */,
				92A9DC28295E4BBD00929C84 /* Products */,
			);
			sourceTree = "<group>";
		};
		92A9DC28295E4BBD00929C84 /* Products */ = {
			isa = PBXGroup;
			children = (
				92A9DC27295E4BBD00929C84 /* Tasktopia.app */,
				92A9DC37295E4BBF00929C84 /* TasktopiaTests.xctest */,
				92A9DC41295E4BBF00929C84 /* TasktopiaUITests.xctest */,
			);
			name = Products;
			sourceTree = "<group>";
		};
		92A9DC29295E4BBD00929C84 /* Tasktopia */ = {
			isa = PBXGroup;
			children = (
				92A9DC2A295E4BBD00929C84 /* TasktopiaApp.swift */,
				92A9DC2C295E4BBD00929C84 /* ContentView.swift */,
				92A9DC2E295E4BBE00929C84 /* Assets.xcassets */,
				92A9DC30295E4BBE00929C84 /* Preview Content */,
			);
			path = Tasktopia;
			sourceTree = "<group>";
		};
		92A9DC30295E4BBE00929C84 /* Preview Content */ = {
			isa = PBXGroup;
			children = (
				92A9DC31295E4BBE00929C84 /* Preview Assets.xcassets */,
			);
			path = "Preview Content";
			sourceTree = "<group>";
		};
		92A9DC3A295E4BBF00929C84 /* TasktopiaTests */ = {
			isa = PBXGroup;
			children = (
				92A9DC3B295E4BBF00929C84 /* TasktopiaTests.swift */,
			);
			path = TasktopiaTests;
			sourceTree = "<group>";
		};
		92A9DC44295E4BBF00929C84 /* TasktopiaUITests */ = {
			isa = PBXGroup;
			children = (
				92A9DC45295E4BBF00929C84 /* TasktopiaUITests.swift */,
				92A9DC47295E4BBF00929C84 /* TasktopiaUITestsLaunchTests.swift */,
			);
			path = TasktopiaUITests;
			sourceTree = "<group>";
		};
/* End PBXGroup section */

/* Begin PBXNativeTarget section */
		92A9DC26295E4BBD00929C84 /* Tasktopia */ = {
			isa = PBXNativeTarget;
			buildConfigurationList = 92A9DC4B295E4BBF00929C84 /* Build configuration list for PBXNativeTarget "Tasktopia" */;
			buildPhases = (
				92A9DC23295E4BBD00929C84 /* Sources */,
				92A9DC24295E4BBD00929C84 /* Frameworks */,
				92A9DC25295E4BBD00929C84 /* Resources */,
			);
			buildRules = (
			);
			dependencies = (
			);
			name = Tasktopia;
			productName = Tasktopia;
			productReference = 92A9DC27295E4BBD00929C84 /* Tasktopia.app */;
			productType = "com.apple.product-type.application";
		};
		92A9DC36295E4BBF00929C84 /* TasktopiaTests */ = {
			isa = PBXNativeTarget;
			buildConfigurationList = 92A9DC4E295E4BBF00929C84 /* Build configuration list for PBXNativeTarget "TasktopiaTests" */;
			buildPhases = (
				92A9DC33295E4BBF00929C84 /* Sources */,
				92A9DC34295E4BBF00929C84 /* Frameworks */,
				92A9DC35295E4BBF00929C84 /* Resources */,
			);
			buildRules = (
			);
			dependencies = (
				92A9DC39295E4BBF00929C84 /* PBXTargetDependency */,
			);
			name = TasktopiaTests;
			productName = TasktopiaTests;
			productReference = 92A9DC37295E4BBF00929C84 /* TasktopiaTests.xctest */;
			productType = "com.apple.product-type.bundle.unit-test";
		};
		92A9DC40295E4BBF00929C84 /* TasktopiaUITests */ = {
			isa = PBXNativeTarget;
			buildConfigurationList = 92A9DC51295E4BBF00929C84 /* Build configuration list for PBXNativeTarget "TasktopiaUITests" */;
			buildPhases = (
				92A9DC3D295E4BBF00929C84 /* Sources */,
				92A9DC3E295E4BBF00929C84 /* Frameworks */,
				92A9DC3F295E4BBF00929C84 /* Resources */,
			);
			buildRules = (
			);
			dependencies = (
				92A9DC43295E4BBF00929C84 /* PBXTargetDependency */,
			);
			name = TasktopiaUITests;
			productName = TasktopiaUITests;
			productReference = 92A9DC41295E4BBF00929C84 /* TasktopiaUITests.xctest */;
			productType = "com.apple.product-type.bundle.ui-testing";
		};
/* End PBXNativeTarget section */

/* Begin PBXProject section */
		92A9DC1F295E4BBD00929C84 /* Project object */ = {
			isa = PBXProject;
			attributes = {
				BuildIndependentTargetsInParallel = 1;
				LastSwiftUpdateCheck = 1420;
				LastUpgradeCheck = 1420;
				TargetAttributes = {
					92A9DC26295E4BBD00929C84 = {
						CreatedOnToolsVersion = 14.2;
					};
					92A9DC36295E4BBF00929C84 = {
						CreatedOnToolsVersion = 14.2;
						TestTargetID = 92A9DC26295E4BBD00929C84;
					};
					92A9DC40295E4BBF00929C84 = {
						CreatedOnToolsVersion = 14.2;
						TestTargetID = 92A9DC26295E4BBD00929C84;
					};
				};
			};
			buildConfigurationList = 92A9DC22295E4BBD00929C84 /* Build configuration list for PBXProject "Tasktopia" */;
			compatibilityVersion = "Xcode 14.0";
			developmentRegion = en;
			hasScannedForEncodings = 0;
			knownRegions = (
				en,
				Base,
			);
			mainGroup = 92A9DC1E295E4BBD00929C84;
			productRefGroup = 92A9DC28295E4BBD00929C84 /* Products */;
			projectDirPath = "";
			projectRoot = "";
			targets = (
				92A9DC26295E4BBD00929C84 /* Tasktopia */,
				92A9DC36295E4BBF00929C84 /* TasktopiaTests */,
				92A9DC40295E4BBF00929C84 /* TasktopiaUITests */,
			);
		};
/* End PBXProject section */

/* Begin PBXResourcesBuildPhase section */
		92A9DC25295E4BBD00929C84 /* Resources */ = {
			isa = PBXResourcesBuildPhase;
			buildActionMask = 2147483647;
			files = (
				92A9DC32295E4BBE00929C84 /* Preview Assets.xcassets in Resources */,
				92A9DC2F295E4BBE00929C84 /* Assets.xcassets in Resources */,
			);
			runOnlyForDeploymentPostprocessing = 0;
		};
		92A9DC35295E4BBF00929C84 /* Resources */ = {
			isa = PBXResourcesBuildPhase;
			buildActionMask = 2147483647;
			files = (
			);
			runOnlyForDeploymentPostprocessing = 0;
		};
		92A9DC3F295E4BBF00929C84 /* Resources */ = {
			isa = PBXResourcesBuildPhase;
			buildActionMask = 2147483647;
			files = (
			);
			runOnlyForDeploymentPostprocessing = 0;
		};
/* End PBXResourcesBuildPhase section */

/* Begin PBXSourcesBuildPhase section */
		92A9DC23295E4BBD00929C84 /* Sources */ = {
			isa = PBXSourcesBuildPhase;
			buildActionMask = 2147483647;
			files = (
				92A9DC2D295E4BBD00929C84 /* ContentView.swift in Sources */,
				92A9DC2B295E4BBD00929C84 /* TasktopiaApp.swift in Sources */,
			);
			runOnlyForDeploymentPostprocessing = 0;
		};
		92A9DC33295E4BBF00929C84 /* Sources */ = {
			isa = PBXSourcesBuildPhase;
			buildActionMask = 2147483647;
			files = (
				92A9DC3C295E4BBF00929C84 /* TasktopiaTests.swift in Sources */,
			);
			runOnlyForDeploymentPostprocessing = 0;
		};
		92A9DC3D295E4BBF00929C84 /* Sources */ = {
			isa = PBXSourcesBuildPhase;
			buildActionMask = 2147483647;
			files = (
				92A9DC46295E4BBF00929C84 /* TasktopiaUITests.swift in Sources */,
				92A9DC48295E4BBF00929C84 /* TasktopiaUITestsLaunchTests.swift in Sources */,
			);
			runOnlyForDeploymentPostprocessing = 0;
		};
/* End PBXSourcesBuildPhase section */

/* Begin PBXTargetDependency section */
		92A9DC39295E4BBF00929C84 /* PBXTargetDependency */ = {
			isa = PBXTargetDependency;
			target = 92A9DC26295E4BBD00929C84 /* Tasktopia */;
			targetProxy = 92A9DC38295E4BBF00929C84 /* PBXContainerItemProxy */;
		};
		92A9DC43295E4BBF00929C84 /* PBXTargetDependency */ = {
			isa = PBXTargetDependency;
			target = 92A9DC26295E4BBD00929C84 /* Tasktopia */;
			targetProxy = 92A9DC42295E4BBF00929C84 /* PBXContainerItemProxy */;
		};
/* End PBXTargetDependency section */

/* Begin XCBuildConfiguration section */
		92A9DC49295E4BBF00929C84 /* Debug */ = {
			isa = XCBuildConfiguration;
			buildSettings = {
				ALWAYS_SEARCH_USER_PATHS = NO;
				CLANG_ANALYZER_NONNULL = YES;
				CLANG_ANALYZER_NUMBER_OBJECT_CONVERSION = YES_AGGRESSIVE;
				CLANG_CXX_LANGUAGE_STANDARD = "gnu++20";
				CLANG_ENABLE_MODULES = YES;
				CLANG_ENABLE_OBJC_ARC = YES;
				CLANG_ENABLE_OBJC_WEAK = YES;
				CLANG_WARN_BLOCK_CAPTURE_AUTORELEASING = YES;
				CLANG_WARN_BOOL_CONVERSION = YES;
				CLANG_WARN_COMMA = YES;
				CLANG_WARN_CONSTANT_CONVERSION = YES;
				CLANG_WARN_DEPRECATED_OBJC_IMPLEMENTATIONS = YES;
				CLANG_WARN_DIRECT_OBJC_ISA_USAGE = YES_ERROR;
				CLANG_WARN_DOCUMENTATION_COMMENTS = YES;
				CLANG_WARN_EMPTY_BODY = YES;
				CLANG_WARN_ENUM_CONVERSION = YES;
				CLANG_WARN_INFINITE_RECURSION = YES;
				CLANG_WARN_INT_CONVERSION = YES;
				CLANG_WARN_NON_LITERAL_NULL_CONVERSION = YES;
				CLANG_WARN_OBJC_IMPLICIT_RETAIN_SELF = YES;
				CLANG_WARN_OBJC_LITERAL_CONVERSION = YES;
				CLANG_WARN_OBJC_ROOT_CLASS = YES_ERROR;
				CLANG_WARN_QUOTED_INCLUDE_IN_FRAMEWORK_HEADER = YES;
				CLANG_WARN_RANGE_LOOP_ANALYSIS = YES;
				CLANG_WARN_STRICT_PROTOTYPES = YES;
				CLANG_WARN_SUSPICIOUS_MOVE = YES;
				CLANG_WARN_UNGUARDED_AVAILABILITY = YES_AGGRESSIVE;
				CLANG_WARN_UNREACHABLE_CODE = YES;
				CLANG_WARN__DUPLICATE_METHOD_MATCH = YES;
				COPY_PHASE_STRIP = NO;
				DEBUG_INFORMATION_FORMAT = dwarf;
				ENABLE_STRICT_OBJC_MSGSEND = YES;
				ENABLE_TESTABILITY = YES;
				GCC_C_LANGUAGE_STANDARD = gnu11;
				GCC_DYNAMIC_NO_PIC = NO;
				GCC_NO_COMMON_BLOCKS = YES;
				GCC_OPTIMIZATION_LEVEL = 0;
				GCC_PREPROCESSOR_DEFINITIONS = (
					"DEBUG=1",
					"$(inherited)",
				);
				GCC_WARN_64_TO_32_BIT_CONVERSION = YES;
				GCC_WARN_ABOUT_RETURN_TYPE = YES_ERROR;
				GCC_WARN_UNDECLARED_SELECTOR = YES;
				GCC_WARN_UNINITIALIZED_AUTOS = YES_AGGRESSIVE;
				GCC_WARN_UNUSED_FUNCTION = YES;
				GCC_WARN_UNUSED_VARIABLE = YES;
				IPHONEOS_DEPLOYMENT_TARGET = 16.2;
				MTL_ENABLE_DEBUG_INFO = INCLUDE_SOURCE;
				MTL_FAST_MATH = YES;
				ONLY_ACTIVE_ARCH = YES;
				SDKROOT = iphoneos;
				SWIFT_ACTIVE_COMPILATION_CONDITIONS = DEBUG;
				SWIFT_OPTIMIZATION_LEVEL = "-Onone";
			};
			name = Debug;
		};
		92A9DC4A295E4BBF00929C84 /* Release */ = {
			isa = XCBuildConfiguration;
			buildSettings = {
				ALWAYS_SEARCH_USER_PATHS = NO;
				CLANG_ANALYZER_NONNULL = YES;
				CLANG_ANALYZER_NUMBER_OBJECT_CONVERSION = YES_AGGRESSIVE;
				CLANG_CXX_LANGUAGE_STANDARD = "gnu++20";
				CLANG_ENABLE_MODULES = YES;
				CLANG_ENABLE_OBJC_ARC = YES;
				CLANG_ENABLE_OBJC_WEAK = YES;
				CLANG_WARN_BLOCK_CAPTURE_AUTORELEASING = YES;
				CLANG_WARN_BOOL_CONVERSION = YES;
				CLANG_WARN_COMMA = YES;
				CLANG_WARN_CONSTANT_CONVERSION = YES;
				CLANG_WARN_DEPRECATED_OBJC_IMPLEMENTATIONS = YES;
				CLANG_WARN_DIRECT_OBJC_ISA_USAGE = YES_ERROR;
				CLANG_WARN_DOCUMENTATION_COMMENTS = YES;
				CLANG_WARN_EMPTY_BODY = YES;
				CLANG_WARN_ENUM_CONVERSION = YES;
				CLANG_WARN_INFINITE_RECURSION = YES;
				CLANG_WARN_INT_CONVERSION = YES;
				CLANG_WARN_NON_LITERAL_NULL_CONVERSION = YES;
				CLANG_WARN_OBJC_IMPLICIT_RETAIN_SELF = YES;
				CLANG_WARN_OBJC_LITERAL_CONVERSION = YES;
				CLANG_WARN_OBJC_ROOT_CLASS = YES_ERROR;
				CLANG_WARN_QUOTED_INCLUDE_IN_FRAMEWORK_HEADER = YES;
				CLANG_WARN_RANGE_LOOP_ANALYSIS = YES;
				CLANG_WARN_STRICT_PROTOTYPES = YES;
				CLANG_WARN_SUSPICIOUS_MOVE = YES;
				CLANG_WARN_UNGUARDED_AVAILABILITY = YES_AGGRESSIVE;
				CLANG_WARN_UNREACHABLE_CODE = YES;
				CLANG_WARN__DUPLICATE_METHOD_MATCH = YES;
				COPY_PHASE_STRIP = NO;
				DEBUG_INFORMATION_FORMAT = "dwarf-with-dsym";
				ENABLE_NS_ASSERTIONS = NO;
				ENABLE_STRICT_OBJC_MSGSEND = YES;
				GCC_C_LANGUAGE_STANDARD = gnu11;
				GCC_NO_COMMON_BLOCKS = YES;
				GCC_WARN_64_TO_32_BIT_CONVERSION = YES;
				GCC_WARN_ABOUT_RETURN_TYPE = YES_ERROR;
				GCC_WARN_UNDECLARED_SELECTOR = YES;
				GCC_WARN_UNINITIALIZED_AUTOS = YES_AGGRESSIVE;
				GCC_WARN_UNUSED_FUNCTION = YES;
				GCC_WARN_UNUSED_VARIABLE = YES;
				IPHONEOS_DEPLOYMENT_TARGET = 16.2;
				MTL_ENABLE_DEBUG_INFO = NO;
				MTL_FAST_MATH = YES;
				SDKROOT = iphoneos;
				SWIFT_COMPILATION_MODE = wholemodule;
				SWIFT_OPTIMIZATION_LEVEL = "-O";
				VALIDATE_PRODUCT = YES;
			};
			name = Release;
		};
		92A9DC4C295E4BBF00929C84 /* Debug */ = {
			isa = XCBuildConfiguration;
			buildSettings = {
				ASSETCATALOG_COMPILER_APPICON_NAME = AppIcon;
				ASSETCATALOG_COMPILER_GLOBAL_ACCENT_COLOR_NAME = AccentColor;
				CODE_SIGN_STYLE = Automatic;
				CURRENT_PROJECT_VERSION = 1;
				DEVELOPMENT_ASSET_PATHS = "\"Tasktopia/Preview Content\"";
				DEVELOPMENT_TEAM = 35AANAQ9DL;
				ENABLE_PREVIEWS = YES;
				GENERATE_INFOPLIST_FILE = YES;
				INFOPLIST_KEY_UIApplicationSceneManifest_Generation = YES;
				INFOPLIST_KEY_UIApplicationSupportsIndirectInputEvents = YES;
				INFOPLIST_KEY_UILaunchScreen_Generation = YES;
				INFOPLIST_KEY_UISupportedInterfaceOrientations_iPad = "UIInterfaceOrientationPortrait UIInterfaceOrientationPortraitUpsideDown UIInterfaceOrientationLandscapeLeft UIInterfaceOrientationLandscapeRight";
				INFOPLIST_KEY_UISupportedInterfaceOrientations_iPhone = "UIInterfaceOrientationPortrait UIInterfaceOrientationLandscapeLeft UIInterfaceOrientationLandscapeRight";
				LD_RUNPATH_SEARCH_PATHS = (
					"$(inherited)",
					"@executable_path/Frameworks",
				);
				MARKETING_VERSION = 1.0;
				PRODUCT_BUNDLE_IDENTIFIER = gwentey.Tasktopia;
				PRODUCT_NAME = "$(TARGET_NAME)";
				SWIFT_EMIT_LOC_STRINGS = YES;
				SWIFT_VERSION = 5.0;
				TARGETED_DEVICE_FAMILY = "1,2";
			};
			name = Debug;
		};
		92A9DC4D295E4BBF00929C84 /* Release */ = {
			isa = XCBuildConfiguration;
			buildSettings = {
				ASSETCATALOG_COMPILER_APPICON_NAME = AppIcon;
				ASSETCATALOG_COMPILER_GLOBAL_ACCENT_COLOR_NAME = AccentColor;
				CODE_SIGN_STYLE = Automatic;
				CURRENT_PROJECT_VERSION = 1;
				DEVELOPMENT_ASSET_PATHS = "\"Tasktopia/Preview Content\"";
				DEVELOPMENT_TEAM = 35AANAQ9DL;
				ENABLE_PREVIEWS = YES;
				GENERATE_INFOPLIST_FILE = YES;
				INFOPLIST_KEY_UIApplicationSceneManifest_Generation = YES;
				INFOPLIST_KEY_UIApplicationSupportsIndirectInputEvents = YES;
				INFOPLIST_KEY_UILaunchScreen_Generation = YES;
				INFOPLIST_KEY_UISupportedInterfaceOrientations_iPad = "UIInterfaceOrientationPortrait UIInterfaceOrientationPortraitUpsideDown UIInterfaceOrientationLandscapeLeft UIInterfaceOrientationLandscapeRight";
				INFOPLIST_KEY_UISupportedInterfaceOrientations_iPhone = "UIInterfaceOrientationPortrait UIInterfaceOrientationLandscapeLeft UIInterfaceOrientationLandscapeRight";
				LD_RUNPATH_SEARCH_PATHS = (
					"$(inherited)",
					"@executable_path/Frameworks",
				);
				MARKETING_VERSION = 1.0;
				PRODUCT_BUNDLE_IDENTIFIER = gwentey.Tasktopia;
				PRODUCT_NAME = "$(TARGET_NAME)";
				SWIFT_EMIT_LOC_STRINGS = YES;
				SWIFT_VERSION = 5.0;
				TARGETED_DEVICE_FAMILY = "1,2";
			};
			name = Release;
		};
		92A9DC4F295E4BBF00929C84 /* Debug */ = {
			isa = XCBuildConfiguration;
			buildSettings = {
				ALWAYS_EMBED_SWIFT_STANDARD_LIBRARIES = YES;
				BUNDLE_LOADER = "$(TEST_HOST)";
				CODE_SIGN_STYLE = Automatic;
				CURRENT_PROJECT_VERSION = 1;
				DEVELOPMENT_TEAM = 35AANAQ9DL;
				GENERATE_INFOPLIST_FILE = YES;
				IPHONEOS_DEPLOYMENT_TARGET = 16.2;
				MARKETING_VERSION = 1.0;
				PRODUCT_BUNDLE_IDENTIFIER = gwentey.TasktopiaTests;
				PRODUCT_NAME = "$(TARGET_NAME)";
				SWIFT_EMIT_LOC_STRINGS = NO;
				SWIFT_VERSION = 5.0;
				TARGETED_DEVICE_FAMILY = "1,2";
				TEST_HOST = "$(BUILT_PRODUCTS_DIR)/Tasktopia.app/$(BUNDLE_EXECUTABLE_FOLDER_PATH)/Tasktopia";
			};
			name = Debug;
		};
		92A9DC50295E4BBF00929C84 /* Release */ = {
			isa = XCBuildConfiguration;
			buildSettings = {
				ALWAYS_EMBED_SWIFT_STANDARD_LIBRARIES = YES;
				BUNDLE_LOADER = "$(TEST_HOST)";
				CODE_SIGN_STYLE = Automatic;
				CURRENT_PROJECT_VERSION = 1;
				DEVELOPMENT_TEAM = 35AANAQ9DL;
				GENERATE_INFOPLIST_FILE = YES;
				IPHONEOS_DEPLOYMENT_TARGET = 16.2;
				MARKETING_VERSION = 1.0;
				PRODUCT_BUNDLE_IDENTIFIER = gwentey.TasktopiaTests;
				PRODUCT_NAME = "$(TARGET_NAME)";
				SWIFT_EMIT_LOC_STRINGS = NO;
				SWIFT_VERSION = 5.0;
				TARGETED_DEVICE_FAMILY = "1,2";
				TEST_HOST = "$(BUILT_PRODUCTS_DIR)/Tasktopia.app/$(BUNDLE_EXECUTABLE_FOLDER_PATH)/Tasktopia";
			};
			name = Release;
		};
		92A9DC52295E4BBF00929C84 /* Debug */ = {
			isa = XCBuildConfiguration;
			buildSettings = {
				ALWAYS_EMBED_SWIFT_STANDARD_LIBRARIES = YES;
				CODE_SIGN_STYLE = Automatic;
				CURRENT_PROJECT_VERSION = 1;
				DEVELOPMENT_TEAM = 35AANAQ9DL;
				GENERATE_INFOPLIST_FILE = YES;
				MARKETING_VERSION = 1.0;
				PRODUCT_BUNDLE_IDENTIFIER = gwentey.TasktopiaUITests;
				PRODUCT_NAME = "$(TARGET_NAME)";
				SWIFT_EMIT_LOC_STRINGS = NO;
				SWIFT_VERSION = 5.0;
				TARGETED_DEVICE_FAMILY = "1,2";
				TEST_TARGET_NAME = Tasktopia;
			};
			name = Debug;
		};
		92A9DC53295E4BBF00929C84 /* Release */ = {
			isa = XCBuildConfiguration;
			buildSettings = {
				ALWAYS_EMBED_SWIFT_STANDARD_LIBRARIES = YES;
				CODE_SIGN_STYLE = Automatic;
				CURRENT_PROJECT_VERSION = 1;
				DEVELOPMENT_TEAM = 35AANAQ9DL;
				GENERATE_INFOPLIST_FILE = YES;
				MARKETING_VERSION = 1.0;
				PRODUCT_BUNDLE_IDENTIFIER = gwentey.TasktopiaUITests;
				PRODUCT_NAME = "$(TARGET_NAME)";
				SWIFT_EMIT_LOC_STRINGS = NO;
				SWIFT_VERSION = 5.0;
				TARGETED_DEVICE_FAMILY = "1,2";
				TEST_TARGET_NAME = Tasktopia;
			};
			name = Release;
		};
/* End XCBuildConfiguration section */

/* Begin XCConfigurationList section */
		92A9DC22295E4BBD00929C84 /* Build configuration list for PBXProject "Tasktopia" */ = {
			isa = XCConfigurationList;
			buildConfigurations = (
				92A9DC49295E4BBF00929C84 /* Debug */,
				92A9DC4A295E4BBF00929C84 /* Release */,
			);
			defaultConfigurationIsVisible = 0;
			defaultConfigurationName = Release;
		};
		92A9DC4B295E4BBF00929C84 /* Build configuration list for PBXNativeTarget "Tasktopia" */ = {
			isa = XCConfigurationList;
			buildConfigurations = (
				92A9DC4C295E4BBF00929C84 /* Debug */,
				92A9DC4D295E4BBF00929C84 /* Release */,
			);
			defaultConfigurationIsVisible = 0;
			defaultConfigurationName = Release;
		};
		92A9DC4E295E4BBF00929C84 /* Build configuration list for PBXNativeTarget "TasktopiaTests" */ = {
			isa = XCConfigurationList;
			buildConfigurations = (
				92A9DC4F295E4BBF00929C84 /* Debug */,
				92A9DC50295E4BBF00929C84 /* Release */,
			);
			defaultConfigurationIsVisible = 0;
			defaultConfigurationName = Release;
		};
		92A9DC51295E4BBF00929C84 /* Build configuration list for PBXNativeTarget "TasktopiaUITests" */ = {
			isa = XCConfigurationList;
			buildConfigurations = (
				92A9DC52295E4BBF00929C84 /* Debug */,
				92A9DC53295E4BBF00929C84 /* Release */,
			);
			defaultConfigurationIsVisible = 0;
			defaultConfigurationName = Release;
		};
/* End XCConfigurationList section */
	};
	rootObject = 92A9DC1F295E4BBD00929C84 /* Project object */;
}
